
Microsoft Visual Studio Solution File, Format Version 12.00
# Visual Studio Version 17
VisualStudioVersion = 17.2.32630.192
MinimumVisualStudioVersion = 10.0.40219.1
Project("{9A19103F-16F7-4668-BE54-9A1E7A4F7556}") = "firstproject1", "firstproject1\firstproject1.csproj", "{8048CE32-1531-4B40-B4B8-C741AB2F54B5}"
EndProject
Global
	GlobalSection(SolutionConfigurationPlatforms) = preSolution
		Debug|Any CPU = Debug|Any CPU
		Release|Any CPU = Release|Any CPU
	EndGlobalSection
	GlobalSection(ProjectConfigurationPlatforms) = postSolution
		{8048CE32-1531-4B40-B4B8-C741AB2F54B5}.Debug|Any CPU.ActiveCfg = Debug|Any CPU
		{8048CE32-1531-4B40-B4B8-C741AB2F54B5}.Debug|Any CPU.Build.0 = Debug|Any CPU
		{8048CE32-1531-4B40-B4B8-C741AB2F54B5}.Release|Any CPU.ActiveCfg = Release|Any CPU
		{8048CE32-1531-4B40-B4B8-C741AB2F54B5}.Release|Any CPU.Build.0 = Release|Any CPU
	EndGlobalSection
	GlobalSection(SolutionProperties) = preSolution
		HideSolutionNode = FALSE
	EndGlobalSection
	GlobalSection(ExtensibilityGlobals) = postSolution
		SolutionGuid = {BD59D60B-E451-4A66-9959-87A12A55FF8B}
	EndGlobalSection
EndGlobal
